
Microsoft Visual Studio Solution File, Format Version 12.00
# Visual Studio 2013
VisualStudioVersion = 12.0.21005.1
MinimumVisualStudioVersion = 10.0.40219.1
Project("{FAE04EC0-301F-11D3-BF4B-00C04F79EFBC}") = "Automatisch Boodschappen Beheer", "Automatisch Boodschappen Beheer\Automatisch Boodschappen Beheer.csproj", "{9AE2F92E-C91D-497B-9184-1B364E352461}"
EndProject
Project("{FAE04EC0-301F-11D3-BF4B-00C04F79EFBC}") = "Automatisch Boodschappen Beheer.Tests", "Automatisch Boodschappen Beheer.Tests\Automatisch Boodschappen Beheer.Tests.csproj", "{A5DEE5D4-C7D9-42C8-94B3-2BBC0ADCEDF9}"
EndProject
Global
	GlobalSection(SolutionConfigurationPlatforms) = preSolution
		Debug|Any CPU = Debug|Any CPU
		Release|Any CPU = Release|Any CPU
	EndGlobalSection
	GlobalSection(ProjectConfigurationPlatforms) = postSolution
		{9AE2F92E-C91D-497B-9184-1B364E352461}.Debug|Any CPU.ActiveCfg = Debug|Any CPU
		{9AE2F92E-C91D-497B-9184-1B364E352461}.Debug|Any CPU.Build.0 = Debug|Any CPU
		{9AE2F92E-C91D-497B-9184-1B364E352461}.Release|Any CPU.ActiveCfg = Release|Any CPU
		{9AE2F92E-C91D-497B-9184-1B364E352461}.Release|Any CPU.Build.0 = Release|Any CPU
		{A5DEE5D4-C7D9-42C8-94B3-2BBC0ADCEDF9}.Debug|Any CPU.ActiveCfg = Debug|Any CPU
		{A5DEE5D4-C7D9-42C8-94B3-2BBC0ADCEDF9}.Debug|Any CPU.Build.0 = Debug|Any CPU
		{A5DEE5D4-C7D9-42C8-94B3-2BBC0ADCEDF9}.Release|Any CPU.ActiveCfg = Release|Any CPU
		{A5DEE5D4-C7D9-42C8-94B3-2BBC0ADCEDF9}.Release|Any CPU.Build.0 = Release|Any CPU
	EndGlobalSection
	GlobalSection(SolutionProperties) = preSolution
		HideSolutionNode = FALSE
	EndGlobalSection
EndGlobal
